
Microsoft Visual Studio Solution File, Format Version 12.00
# Visual Studio Version 16
VisualStudioVersion = 16.0.29201.188
MinimumVisualStudioVersion = 10.0.40219.1
Project("{FAE04EC0-301F-11D3-BF4B-00C04F79EFBC}") = "Trigger.Android", "Trigger\Trigger.Android\Trigger.Android.csproj", "{00CB7043-2CBD-4E15-A7DD-FC96C1F907A4}"
EndProject
Project("{FAE04EC0-301F-11D3-BF4B-00C04F79EFBC}") = "Trigger.iOS", "Trigger\Trigger.iOS\Trigger.iOS.csproj", "{F8867B53-B1C7-47D8-882B-8E2EFE76F74E}"
EndProject
Project("{FAE04EC0-301F-11D3-BF4B-00C04F79EFBC}") = "Trigger", "Trigger\Trigger\Trigger.csproj", "{DC12E35C-0E3E-4D40-9A3C-C80E7F518A23}"
EndProject
Global
	GlobalSection(SolutionConfigurationPlatforms) = preSolution
		Debug|Any CPU = Debug|Any CPU
		Debug|iPhone = Debug|iPhone
		Debug|iPhoneSimulator = Debug|iPhoneSimulator
		Release|Any CPU = Release|Any CPU
		Release|iPhone = Release|iPhone
		Release|iPhoneSimulator = Release|iPhoneSimulator
	EndGlobalSection
	GlobalSection(ProjectConfigurationPlatforms) = postSolution
		{00CB7043-2CBD-4E15-A7DD-FC96C1F907A4}.Debug|Any CPU.ActiveCfg = Debug|Any CPU
		{00CB7043-2CBD-4E15-A7DD-FC96C1F907A4}.Debug|Any CPU.Build.0 = Debug|Any CPU
		{00CB7043-2CBD-4E15-A7DD-FC96C1F907A4}.Debug|Any CPU.Deploy.0 = Debug|Any CPU
		{00CB7043-2CBD-4E15-A7DD-FC96C1F907A4}.Debug|iPhone.ActiveCfg = Debug|Any CPU
		{00CB7043-2CBD-4E15-A7DD-FC96C1F907A4}.Debug|iPhone.Build.0 = Debug|Any CPU
		{00CB7043-2CBD-4E15-A7DD-FC96C1F907A4}.Debug|iPhone.Deploy.0 = Debug|Any CPU
		{00CB7043-2CBD-4E15-A7DD-FC96C1F907A4}.Debug|iPhoneSimulator.ActiveCfg = Debug|Any CPU
		{00CB7043-2CBD-4E15-A7DD-FC96C1F907A4}.Debug|iPhoneSimulator.Build.0 = Debug|Any CPU
		{00CB7043-2CBD-4E15-A7DD-FC96C1F907A4}.Debug|iPhoneSimulator.Deploy.0 = Debug|Any CPU
		{00CB7043-2CBD-4E15-A7DD-FC96C1F907A4}.Release|Any CPU.ActiveCfg = Release|Any CPU
		{00CB7043-2CBD-4E15-A7DD-FC96C1F907A4}.Release|Any CPU.Build.0 = Release|Any CPU
		{00CB7043-2CBD-4E15-A7DD-FC96C1F907A4}.Release|Any CPU.Deploy.0 = Release|Any CPU
		{00CB7043-2CBD-4E15-A7DD-FC96C1F907A4}.Release|iPhone.ActiveCfg = Release|Any CPU
		{00CB7043-2CBD-4E15-A7DD-FC96C1F907A4}.Release|iPhone.Build.0 = Release|Any CPU
		{00CB7043-2CBD-4E15-A7DD-FC96C1F907A4}.Release|iPhone.Deploy.0 = Release|Any CPU
		{00CB7043-2CBD-4E15-A7DD-FC96C1F907A4}.Release|iPhoneSimulator.ActiveCfg = Release|Any CPU
		{00CB7043-2CBD-4E15-A7DD-FC96C1F907A4}.Release|iPhoneSimulator.Build.0 = Release|Any CPU
		{00CB7043-2CBD-4E15-A7DD-FC96C1F907A4}.Release|iPhoneSimulator.Deploy.0 = Release|Any CPU
		{F8867B53-B1C7-47D8-882B-8E2EFE76F74E}.Debug|Any CPU.ActiveCfg = Debug|iPhoneSimulator
		{F8867B53-B1C7-47D8-882B-8E2EFE76F74E}.Debug|Any CPU.Build.0 = Debug|iPhoneSimulator
		{F8867B53-B1C7-47D8-882B-8E2EFE76F74E}.Debug|Any CPU.Deploy.0 = Debug|iPhoneSimulator
		{F8867B53-B1C7-47D8-882B-8E2EFE76F74E}.Debug|iPhone.ActiveCfg = Debug|iPhone
		{F8867B53-B1C7-47D8-882B-8E2EFE76F74E}.Debug|iPhone.Build.0 = Debug|iPhone
		{F8867B53-B1C7-47D8-882B-8E2EFE76F74E}.Debug|iPhone.Deploy.0 = Debug|iPhone
		{F8867B53-B1C7-47D8-882B-8E2EFE76F74E}.Debug|iPhoneSimulator.ActiveCfg = Debug|iPhoneSimulator
		{F8867B53-B1C7-47D8-882B-8E2EFE76F74E}.Debug|iPhoneSimulator.Build.0 = Debug|iPhoneSimulator
		{F8867B53-B1C7-47D8-882B-8E2EFE76F74E}.Debug|iPhoneSimulator.Deploy.0 = Debug|iPhoneSimulator
		{F8867B53-B1C7-47D8-882B-8E2EFE76F74E}.Release|Any CPU.ActiveCfg = Release|iPhone
		{F8867B53-B1C7-47D8-882B-8E2EFE76F74E}.Release|Any CPU.Build.0 = Release|iPhone
		{F8867B53-B1C7-47D8-882B-8E2EFE76F74E}.Release|Any CPU.Deploy.0 = Release|iPhone
		{F8867B53-B1C7-47D8-882B-8E2EFE76F74E}.Release|iPhone.ActiveCfg = Release|iPhone
		{F8867B53-B1C7-47D8-882B-8E2EFE76F74E}.Release|iPhone.Build.0 = Release|iPhone
		{F8867B53-B1C7-47D8-882B-8E2EFE76F74E}.Release|iPhone.Deploy.0 = Release|iPhone
		{F8867B53-B1C7-47D8-882B-8E2EFE76F74E}.Release|iPhoneSimulator.ActiveCfg = Release|iPhoneSimulator
		{F8867B53-B1C7-47D8-882B-8E2EFE76F74E}.Release|iPhoneSimulator.Build.0 = Release|iPhoneSimulator
		{F8867B53-B1C7-47D8-882B-8E2EFE76F74E}.Release|iPhoneSimulator.Deploy.0 = Release|iPhoneSimulator
		{DC12E35C-0E3E-4D40-9A3C-C80E7F518A23}.Debug|Any CPU.ActiveCfg = Debug|Any CPU
		{DC12E35C-0E3E-4D40-9A3C-C80E7F518A23}.Debug|Any CPU.Build.0 = Debug|Any CPU
		{DC12E35C-0E3E-4D40-9A3C-C80E7F518A23}.Debug|Any CPU.Deploy.0 = Debug|Any CPU
		{DC12E35C-0E3E-4D40-9A3C-C80E7F518A23}.Debug|iPhone.ActiveCfg = Debug|Any CPU
		{DC12E35C-0E3E-4D40-9A3C-C80E7F518A23}.Debug|iPhone.Build.0 = Debug|Any CPU
		{DC12E35C-0E3E-4D40-9A3C-C80E7F518A23}.Debug|iPhone.Deploy.0 = Debug|Any CPU
		{DC12E35C-0E3E-4D40-9A3C-C80E7F518A23}.Debug|iPhoneSimulator.ActiveCfg = Debug|Any CPU
		{DC12E35C-0E3E-4D40-9A3C-C80E7F518A23}.Debug|iPhoneSimulator.Build.0 = Debug|Any CPU
		{DC12E35C-0E3E-4D40-9A3C-C80E7F518A23}.Debug|iPhoneSimulator.Deploy.0 = Debug|Any CPU
		{DC12E35C-0E3E-4D40-9A3C-C80E7F518A23}.Release|Any CPU.ActiveCfg = Release|Any CPU
		{DC12E35C-0E3E-4D40-9A3C-C80E7F518A23}.Release|Any CPU.Build.0 = Release|Any CPU
		{DC12E35C-0E3E-4D40-9A3C-C80E7F518A23}.Release|Any CPU.Deploy.0 = Release|Any CPU
		{DC12E35C-0E3E-4D40-9A3C-C80E7F518A23}.Release|iPhone.ActiveCfg = Release|Any CPU
		{DC12E35C-0E3E-4D40-9A3C-C80E7F518A23}.Release|iPhone.Build.0 = Release|Any CPU
		{DC12E35C-0E3E-4D40-9A3C-C80E7F518A23}.Release|iPhone.Deploy.0 = Release|Any CPU
		{DC12E35C-0E3E-4D40-9A3C-C80E7F518A23}.Release|iPhoneSimulator.ActiveCfg = Release|Any CPU
		{DC12E35C-0E3E-4D40-9A3C-C80E7F518A23}.Release|iPhoneSimulator.Build.0 = Release|Any CPU
		{DC12E35C-0E3E-4D40-9A3C-C80E7F518A23}.Release|iPhoneSimulator.Deploy.0 = Release|Any CPU
	EndGlobalSection
	GlobalSection(SolutionProperties) = preSolution
		HideSolutionNode = FALSE
	EndGlobalSection
	GlobalSection(ExtensibilityGlobals) = postSolution
		SolutionGuid = {FF8EBAB0-8E51-4649-9D94-F669AF12C30A}
	EndGlobalSection
EndGlobal
